
Microsoft Visual Studio Solution File, Format Version 12.00
# Visual Studio Version 16
VisualStudioVersion = 16.0.31605.320
MinimumVisualStudioVersion = 10.0.40219.1
Project("{FAE04EC0-301F-11D3-BF4B-00C04F79EFBC}") = "WcfClient", "Client\WcfClient.csproj", "{DC9E3940-6B33-4688-B215-C35249EEDE7E}"
EndProject
Project("{FAE04EC0-301F-11D3-BF4B-00C04F79EFBC}") = "DockerWcfDemo", "Server\DockerWcfDemo.csproj", "{9E3BA659-7741-4E8C-B944-FD69F4D0104D}"
EndProject
Global
	GlobalSection(SolutionConfigurationPlatforms) = preSolution
		Debug|Any CPU = Debug|Any CPU
		Release|Any CPU = Release|Any CPU
	EndGlobalSection
	GlobalSection(ProjectConfigurationPlatforms) = postSolution
		{DC9E3940-6B33-4688-B215-C35249EEDE7E}.Debug|Any CPU.ActiveCfg = Debug|Any CPU
		{DC9E3940-6B33-4688-B215-C35249EEDE7E}.Debug|Any CPU.Build.0 = Debug|Any CPU
		{DC9E3940-6B33-4688-B215-C35249EEDE7E}.Release|Any CPU.ActiveCfg = Release|Any CPU
		{DC9E3940-6B33-4688-B215-C35249EEDE7E}.Release|Any CPU.Build.0 = Release|Any CPU
		{9E3BA659-7741-4E8C-B944-FD69F4D0104D}.Debug|Any CPU.ActiveCfg = Debug|Any CPU
		{9E3BA659-7741-4E8C-B944-FD69F4D0104D}.Debug|Any CPU.Build.0 = Debug|Any CPU
		{9E3BA659-7741-4E8C-B944-FD69F4D0104D}.Release|Any CPU.ActiveCfg = Release|Any CPU
		{9E3BA659-7741-4E8C-B944-FD69F4D0104D}.Release|Any CPU.Build.0 = Release|Any CPU
	EndGlobalSection
	GlobalSection(SolutionProperties) = preSolution
		HideSolutionNode = FALSE
	EndGlobalSection
	GlobalSection(ExtensibilityGlobals) = postSolution
		SolutionGuid = {37B03B37-8A43-4424-8F86-10D4D86919A3}
	EndGlobalSection
EndGlobal
